
Microsoft Visual Studio Solution File, Format Version 12.00
# Visual Studio Version 17
VisualStudioVersion = 17.13.35931.197
MinimumVisualStudioVersion = 10.0.40219.1
Project("{FAE04EC0-301F-11D3-BF4B-00C04F79EFBC}") = "Siemens.DotNetCore.PmsApp.Entities", "Siemens.DotNetCore.PmsApp.Entities\Siemens.DotNetCore.PmsApp.Entities.csproj", "{26326211-30A9-4217-9303-F9F36A57E401}"
EndProject
Project("{FAE04EC0-301F-11D3-BF4B-00C04F79EFBC}") = "Siemens.DotNetCore.PmsApp.DataAccessLayer", "Siemens.DotNetCore.PmsApp.DataAccessLayer\Siemens.DotNetCore.PmsApp.DataAccessLayer.csproj", "{620FB706-13E8-4E89-846E-5745B36FC2AB}"
EndProject
Project("{FAE04EC0-301F-11D3-BF4B-00C04F79EFBC}") = "Siemens.DotNetCore.PmsApp.BusinessLayer", "Siemens.DotNetCore.PmsApp.BusinessLayer\Siemens.DotNetCore.PmsApp.BusinessLayer.csproj", "{E53CBF34-4F4F-4B02-ADC6-AEEAED0C8198}"
EndProject
Project("{FAE04EC0-301F-11D3-BF4B-00C04F79EFBC}") = "Siemens.DotNetCore.PmsApp.Repository", "Siemens.DotNetCore.PmsApp.Repository\Siemens.DotNetCore.PmsApp.Repository.csproj", "{C7DB3BA9-C359-4571-91E6-ECCB78CAA140}"
EndProject
Project("{FAE04EC0-301F-11D3-BF4B-00C04F79EFBC}") = "Siemens.DotNetCore.PmsApp.ServiceLayer", "Siemens.DotNetCore.PmsApp.ServiceLayer\Siemens.DotNetCore.PmsApp.ServiceLayer.csproj", "{B3C116E4-79AE-485B-A27E-FD0BCA292632}"
EndProject
Global
	GlobalSection(SolutionConfigurationPlatforms) = preSolution
		Debug|Any CPU = Debug|Any CPU
		Release|Any CPU = Release|Any CPU
	EndGlobalSection
	GlobalSection(ProjectConfigurationPlatforms) = postSolution
		{26326211-30A9-4217-9303-F9F36A57E401}.Debug|Any CPU.ActiveCfg = Debug|Any CPU
		{26326211-30A9-4217-9303-F9F36A57E401}.Debug|Any CPU.Build.0 = Debug|Any CPU
		{26326211-30A9-4217-9303-F9F36A57E401}.Release|Any CPU.ActiveCfg = Release|Any CPU
		{26326211-30A9-4217-9303-F9F36A57E401}.Release|Any CPU.Build.0 = Release|Any CPU
		{620FB706-13E8-4E89-846E-5745B36FC2AB}.Debug|Any CPU.ActiveCfg = Debug|Any CPU
		{620FB706-13E8-4E89-846E-5745B36FC2AB}.Debug|Any CPU.Build.0 = Debug|Any CPU
		{620FB706-13E8-4E89-846E-5745B36FC2AB}.Release|Any CPU.ActiveCfg = Release|Any CPU
		{620FB706-13E8-4E89-846E-5745B36FC2AB}.Release|Any CPU.Build.0 = Release|Any CPU
		{E53CBF34-4F4F-4B02-ADC6-AEEAED0C8198}.Debug|Any CPU.ActiveCfg = Debug|Any CPU
		{E53CBF34-4F4F-4B02-ADC6-AEEAED0C8198}.Debug|Any CPU.Build.0 = Debug|Any CPU
		{E53CBF34-4F4F-4B02-ADC6-AEEAED0C8198}.Release|Any CPU.ActiveCfg = Release|Any CPU
		{E53CBF34-4F4F-4B02-ADC6-AEEAED0C8198}.Release|Any CPU.Build.0 = Release|Any CPU
		{C7DB3BA9-C359-4571-91E6-ECCB78CAA140}.Debug|Any CPU.ActiveCfg = Debug|Any CPU
		{C7DB3BA9-C359-4571-91E6-ECCB78CAA140}.Debug|Any CPU.Build.0 = Debug|Any CPU
		{C7DB3BA9-C359-4571-91E6-ECCB78CAA140}.Release|Any CPU.ActiveCfg = Release|Any CPU
		{C7DB3BA9-C359-4571-91E6-ECCB78CAA140}.Release|Any CPU.Build.0 = Release|Any CPU
		{B3C116E4-79AE-485B-A27E-FD0BCA292632}.Debug|Any CPU.ActiveCfg = Debug|Any CPU
		{B3C116E4-79AE-485B-A27E-FD0BCA292632}.Debug|Any CPU.Build.0 = Debug|Any CPU
		{B3C116E4-79AE-485B-A27E-FD0BCA292632}.Release|Any CPU.ActiveCfg = Release|Any CPU
		{B3C116E4-79AE-485B-A27E-FD0BCA292632}.Release|Any CPU.Build.0 = Release|Any CPU
	EndGlobalSection
	GlobalSection(SolutionProperties) = preSolution
		HideSolutionNode = FALSE
	EndGlobalSection
	GlobalSection(ExtensibilityGlobals) = postSolution
		SolutionGuid = {7AA86073-7CF8-4985-92FA-24A76898D62F}
	EndGlobalSection
EndGlobal
