
Microsoft Visual Studio Solution File, Format Version 12.00
# Visual Studio Version 17
VisualStudioVersion = 17.13.35931.197 d17.13
MinimumVisualStudioVersion = 10.0.40219.1
Project("{FAE04EC0-301F-11D3-BF4B-00C04F79EFBC}") = "ThreadDemo", "ThreadDemo.csproj", "{854163DA-7834-43F8-9C71-3AEF02ACEB88}"
EndProject
Global
	GlobalSection(SolutionConfigurationPlatforms) = preSolution
		Debug|Any CPU = Debug|Any CPU
		Release|Any CPU = Release|Any CPU
	EndGlobalSection
	GlobalSection(ProjectConfigurationPlatforms) = postSolution
		{854163DA-7834-43F8-9C71-3AEF02ACEB88}.Debug|Any CPU.ActiveCfg = Debug|Any CPU
		{854163DA-7834-43F8-9C71-3AEF02ACEB88}.Debug|Any CPU.Build.0 = Debug|Any CPU
		{854163DA-7834-43F8-9C71-3AEF02ACEB88}.Release|Any CPU.ActiveCfg = Release|Any CPU
		{854163DA-7834-43F8-9C71-3AEF02ACEB88}.Release|Any CPU.Build.0 = Release|Any CPU
	EndGlobalSection
	GlobalSection(SolutionProperties) = preSolution
		HideSolutionNode = FALSE
	EndGlobalSection
	GlobalSection(ExtensibilityGlobals) = postSolution
		SolutionGuid = {7C2ABE3C-B9BB-409B-B916-47321680038E}
	EndGlobalSection
EndGlobal
