Microsoft Visual Studio Solution File, Format Version 12.00
# Visual Studio Version 17
VisualStudioVersion = 17.5.2.0
MinimumVisualStudioVersion = 10.0.40219.1
Project("{FAE04EC0-301F-11D3-BF4B-00C04F79EFBC}") = "CalculationLibrary", "CalculationLibrary.csproj", "{B808F314-0F3A-46B4-5033-19F96C7DDF5A}"
EndProject
Global
	GlobalSection(SolutionConfigurationPlatforms) = preSolution
		Debug|Any CPU = Debug|Any CPU
		Release|Any CPU = Release|Any CPU
	EndGlobalSection
	GlobalSection(ProjectConfigurationPlatforms) = postSolution
		{B808F314-0F3A-46B4-5033-19F96C7DDF5A}.Debug|Any CPU.ActiveCfg = Debug|Any CPU
		{B808F314-0F3A-46B4-5033-19F96C7DDF5A}.Debug|Any CPU.Build.0 = Debug|Any CPU
		{B808F314-0F3A-46B4-5033-19F96C7DDF5A}.Release|Any CPU.ActiveCfg = Release|Any CPU
		{B808F314-0F3A-46B4-5033-19F96C7DDF5A}.Release|Any CPU.Build.0 = Release|Any CPU
	EndGlobalSection
	GlobalSection(SolutionProperties) = preSolution
		HideSolutionNode = FALSE
	EndGlobalSection
	GlobalSection(ExtensibilityGlobals) = postSolution
		SolutionGuid = {33D49190-30C1-44C6-97DC-3A74FCE3D3F3}
	EndGlobalSection
EndGlobal
