Microsoft Visual Studio Solution File, Format Version 12.00
# Visual Studio Version 17
VisualStudioVersion = 17.5.2.0
MinimumVisualStudioVersion = 10.0.40219.1
Project("{FAE04EC0-301F-11D3-BF4B-00C04F79EFBC}") = "NewFeaturesInCSharpDemo", "NewFeaturesInCSharpDemo.csproj", "{B096E6D8-5FC9-C794-1DF0-82EBA4806554}"
EndProject
Global
	GlobalSection(SolutionConfigurationPlatforms) = preSolution
		Debug|Any CPU = Debug|Any CPU
		Release|Any CPU = Release|Any CPU
	EndGlobalSection
	GlobalSection(ProjectConfigurationPlatforms) = postSolution
		{B096E6D8-5FC9-C794-1DF0-82EBA4806554}.Debug|Any CPU.ActiveCfg = Debug|Any CPU
		{B096E6D8-5FC9-C794-1DF0-82EBA4806554}.Debug|Any CPU.Build.0 = Debug|Any CPU
		{B096E6D8-5FC9-C794-1DF0-82EBA4806554}.Release|Any CPU.ActiveCfg = Release|Any CPU
		{B096E6D8-5FC9-C794-1DF0-82EBA4806554}.Release|Any CPU.Build.0 = Release|Any CPU
	EndGlobalSection
	GlobalSection(SolutionProperties) = preSolution
		HideSolutionNode = FALSE
	EndGlobalSection
	GlobalSection(ExtensibilityGlobals) = postSolution
		SolutionGuid = {035F7CDC-92B7-40F3-8C96-28241B5B0E0F}
	EndGlobalSection
EndGlobal
