
Microsoft Visual Studio Solution File, Format Version 12.00
# Visual Studio Version 17
VisualStudioVersion = 17.13.35931.197 d17.13
MinimumVisualStudioVersion = 10.0.40219.1
Project("{FAE04EC0-301F-11D3-BF4B-00C04F79EFBC}") = "PolymorphismDemo", "PolymorphismDemo.csproj", "{4C8E8593-6394-45E7-B6B4-D260B8C42B6B}"
EndProject
Global
	GlobalSection(SolutionConfigurationPlatforms) = preSolution
		Debug|Any CPU = Debug|Any CPU
		Release|Any CPU = Release|Any CPU
	EndGlobalSection
	GlobalSection(ProjectConfigurationPlatforms) = postSolution
		{4C8E8593-6394-45E7-B6B4-D260B8C42B6B}.Debug|Any CPU.ActiveCfg = Debug|Any CPU
		{4C8E8593-6394-45E7-B6B4-D260B8C42B6B}.Debug|Any CPU.Build.0 = Debug|Any CPU
		{4C8E8593-6394-45E7-B6B4-D260B8C42B6B}.Release|Any CPU.ActiveCfg = Release|Any CPU
		{4C8E8593-6394-45E7-B6B4-D260B8C42B6B}.Release|Any CPU.Build.0 = Release|Any CPU
	EndGlobalSection
	GlobalSection(SolutionProperties) = preSolution
		HideSolutionNode = FALSE
	EndGlobalSection
	GlobalSection(ExtensibilityGlobals) = postSolution
		SolutionGuid = {81A4E184-2F47-4A6D-AC78-E869966ECB4B}
	EndGlobalSection
EndGlobal
