
Microsoft Visual Studio Solution File, Format Version 12.00
# Visual Studio Version 17
VisualStudioVersion = 17.13.35931.197 d17.13
MinimumVisualStudioVersion = 10.0.40219.1
Project("{FAE04EC0-301F-11D3-BF4B-00C04F79EFBC}") = "HelloWorld", "HelloWorld.csproj", "{FF0D0059-748F-434C-80E6-DF2A3D517B60}"
EndProject
Global
	GlobalSection(SolutionConfigurationPlatforms) = preSolution
		Debug|Any CPU = Debug|Any CPU
		Release|Any CPU = Release|Any CPU
	EndGlobalSection
	GlobalSection(ProjectConfigurationPlatforms) = postSolution
		{FF0D0059-748F-434C-80E6-DF2A3D517B60}.Debug|Any CPU.ActiveCfg = Debug|Any CPU
		{FF0D0059-748F-434C-80E6-DF2A3D517B60}.Debug|Any CPU.Build.0 = Debug|Any CPU
		{FF0D0059-748F-434C-80E6-DF2A3D517B60}.Release|Any CPU.ActiveCfg = Release|Any CPU
		{FF0D0059-748F-434C-80E6-DF2A3D517B60}.Release|Any CPU.Build.0 = Release|Any CPU
	EndGlobalSection
	GlobalSection(SolutionProperties) = preSolution
		HideSolutionNode = FALSE
	EndGlobalSection
	GlobalSection(ExtensibilityGlobals) = postSolution
		SolutionGuid = {1867DA8F-3682-4C68-AFEE-C890F6B5AACE}
	EndGlobalSection
EndGlobal
